
Microsoft Visual Studio Solution File, Format Version 12.00
# Visual Studio Version 16
VisualStudioVersion = 16.0.32901.82
MinimumVisualStudioVersion = 10.0.40219.1
Project("{FAE04EC0-301F-11D3-BF4B-00C04F79EFBC}") = "Q9CS", "Q9CS.csproj", "{A31E4AC1-A8EA-426A-AB16-127E1C2611A8}"
EndProject
Global
	GlobalSection(SolutionConfigurationPlatforms) = preSolution
		Debug|Any CPU = Debug|Any CPU
		Debug|x64 = Debug|x64
		Release|Any CPU = Release|Any CPU
		Release|x64 = Release|x64
	EndGlobalSection
	GlobalSection(ProjectConfigurationPlatforms) = postSolution
		{A31E4AC1-A8EA-426A-AB16-127E1C2611A8}.Debug|Any CPU.ActiveCfg = Debug|Any CPU
		{A31E4AC1-A8EA-426A-AB16-127E1C2611A8}.Debug|Any CPU.Build.0 = Debug|Any CPU
		{A31E4AC1-A8EA-426A-AB16-127E1C2611A8}.Debug|x64.ActiveCfg = Debug|x64
		{A31E4AC1-A8EA-426A-AB16-127E1C2611A8}.Debug|x64.Build.0 = Debug|x64
		{A31E4AC1-A8EA-426A-AB16-127E1C2611A8}.Release|Any CPU.ActiveCfg = Release|Any CPU
		{A31E4AC1-A8EA-426A-AB16-127E1C2611A8}.Release|Any CPU.Build.0 = Release|Any CPU
		{A31E4AC1-A8EA-426A-AB16-127E1C2611A8}.Release|x64.ActiveCfg = Release|x64
		{A31E4AC1-A8EA-426A-AB16-127E1C2611A8}.Release|x64.Build.0 = Release|x64
	EndGlobalSection
	GlobalSection(SolutionProperties) = preSolution
		HideSolutionNode = FALSE
	EndGlobalSection
	GlobalSection(ExtensibilityGlobals) = postSolution
		SolutionGuid = {FE0F5642-9D1C-4DB1-A031-59E4EAD7332C}
	EndGlobalSection
EndGlobal
